
Microsoft Visual Studio Solution File, Format Version 12.00
# Visual Studio 15
VisualStudioVersion = 15.0.27703.2018
MinimumVisualStudioVersion = 10.0.40219.1
Project("{FAE04EC0-301F-11D3-BF4B-00C04F79EFBC}") = "WebApplication1", "WebApplication1\WebApplication1.csproj", "{85328139-3B47-41FB-8FFF-04BB3C06AB4C}"
EndProject
Global
	GlobalSection(SolutionConfigurationPlatforms) = preSolution
		Debug|Any CPU = Debug|Any CPU
		Release|Any CPU = Release|Any CPU
	EndGlobalSection
	GlobalSection(ProjectConfigurationPlatforms) = postSolution
		{85328139-3B47-41FB-8FFF-04BB3C06AB4C}.Debug|Any CPU.ActiveCfg = Debug|Any CPU
		{85328139-3B47-41FB-8FFF-04BB3C06AB4C}.Debug|Any CPU.Build.0 = Debug|Any CPU
		{85328139-3B47-41FB-8FFF-04BB3C06AB4C}.Release|Any CPU.ActiveCfg = Release|Any CPU
		{85328139-3B47-41FB-8FFF-04BB3C06AB4C}.Release|Any CPU.Build.0 = Release|Any CPU
	EndGlobalSection
	GlobalSection(SolutionProperties) = preSolution
		HideSolutionNode = FALSE
	EndGlobalSection
	GlobalSection(ExtensibilityGlobals) = postSolution
		SolutionGuid = {6CBCA683-A638-4A8A-BF4A-6025B1FAB75F}
	EndGlobalSection
EndGlobal
